
Microsoft Visual Studio Solution File, Format Version 12.00
# Visual Studio Version 17
VisualStudioVersion = 17.14.36603.0
MinimumVisualStudioVersion = 10.0.40219.1
Project("{FAE04EC0-301F-11D3-BF4B-00C04F79EFBC}") = "StudentBazaar.web", "StudentBazaar\StudentBazaar.web.csproj", "{B8CEAAEF-3479-46EF-B0DE-1D0EE4B3CF2E}"
EndProject
Global
	GlobalSection(SolutionConfigurationPlatforms) = preSolution
		Debug|Any CPU = Debug|Any CPU
		Release|Any CPU = Release|Any CPU
	EndGlobalSection
	GlobalSection(ProjectConfigurationPlatforms) = postSolution
		{B8CEAAEF-3479-46EF-B0DE-1D0EE4B3CF2E}.Debug|Any CPU.ActiveCfg = Debug|Any CPU
		{B8CEAAEF-3479-46EF-B0DE-1D0EE4B3CF2E}.Debug|Any CPU.Build.0 = Debug|Any CPU
		{B8CEAAEF-3479-46EF-B0DE-1D0EE4B3CF2E}.Release|Any CPU.ActiveCfg = Release|Any CPU
		{B8CEAAEF-3479-46EF-B0DE-1D0EE4B3CF2E}.Release|Any CPU.Build.0 = Release|Any CPU
	EndGlobalSection
	GlobalSection(SolutionProperties) = preSolution
		HideSolutionNode = FALSE
	EndGlobalSection
	GlobalSection(ExtensibilityGlobals) = postSolution
		SolutionGuid = {4F2EF3A2-EA4F-40B3-BCAD-C4BB9FBDA2B0}
	EndGlobalSection
EndGlobal
